
Microsoft Visual Studio Solution File, Format Version 12.00
# Visual Studio Version 16
VisualStudioVersion = 16.0.29123.88
MinimumVisualStudioVersion = 10.0.40219.1
Project("{FAE04EC0-301F-11D3-BF4B-00C04F79EFBC}") = "HappyGraphsDataClasses", "HappyGraphsDataClasses\HappyGraphsDataClasses.csproj", "{9DA6A3A1-3E8C-4E80-B4B7-093D8BEDF962}"
EndProject
Project("{FAE04EC0-301F-11D3-BF4B-00C04F79EFBC}") = "HappyGraphsDeckEngine", "HappyGraphsDeckEngine\HappyGraphsDeckEngine.csproj", "{4A0B1B72-5EA7-413E-8DBD-98B1326AD42B}"
EndProject
Project("{FAE04EC0-301F-11D3-BF4B-00C04F79EFBC}") = "HappyGraphsDeckEngineTester", "HappyGraphsDeckEngineTester\HappyGraphsDeckEngineTester.csproj", "{09B6983C-5371-4E78-ADFF-0B16872120F6}"
EndProject
Global
	GlobalSection(SolutionConfigurationPlatforms) = preSolution
		Debug|Any CPU = Debug|Any CPU
		Release|Any CPU = Release|Any CPU
	EndGlobalSection
	GlobalSection(ProjectConfigurationPlatforms) = postSolution
		{9DA6A3A1-3E8C-4E80-B4B7-093D8BEDF962}.Debug|Any CPU.ActiveCfg = Debug|Any CPU
		{9DA6A3A1-3E8C-4E80-B4B7-093D8BEDF962}.Debug|Any CPU.Build.0 = Debug|Any CPU
		{9DA6A3A1-3E8C-4E80-B4B7-093D8BEDF962}.Release|Any CPU.ActiveCfg = Release|Any CPU
		{9DA6A3A1-3E8C-4E80-B4B7-093D8BEDF962}.Release|Any CPU.Build.0 = Release|Any CPU
		{4A0B1B72-5EA7-413E-8DBD-98B1326AD42B}.Debug|Any CPU.ActiveCfg = Debug|Any CPU
		{4A0B1B72-5EA7-413E-8DBD-98B1326AD42B}.Debug|Any CPU.Build.0 = Debug|Any CPU
		{4A0B1B72-5EA7-413E-8DBD-98B1326AD42B}.Release|Any CPU.ActiveCfg = Release|Any CPU
		{4A0B1B72-5EA7-413E-8DBD-98B1326AD42B}.Release|Any CPU.Build.0 = Release|Any CPU
		{09B6983C-5371-4E78-ADFF-0B16872120F6}.Debug|Any CPU.ActiveCfg = Debug|Any CPU
		{09B6983C-5371-4E78-ADFF-0B16872120F6}.Debug|Any CPU.Build.0 = Debug|Any CPU
		{09B6983C-5371-4E78-ADFF-0B16872120F6}.Release|Any CPU.ActiveCfg = Release|Any CPU
		{09B6983C-5371-4E78-ADFF-0B16872120F6}.Release|Any CPU.Build.0 = Release|Any CPU
	EndGlobalSection
	GlobalSection(SolutionProperties) = preSolution
		HideSolutionNode = FALSE
	EndGlobalSection
	GlobalSection(ExtensibilityGlobals) = postSolution
		SolutionGuid = {FB4E5B42-DE79-4F69-90A3-7DC4DBE58EDD}
	EndGlobalSection
EndGlobal
